Microsoft Visual Studio Solution File, Format Version 12.00
# Visual Studio Version 17
VisualStudioVersion = 17.5.2.0
MinimumVisualStudioVersion = 10.0.40219.1
Project("{FAE04EC0-301F-11D3-BF4B-00C04F79EFBC}") = "BookCatalog.Client", "Client\BookCatalog.Client.csproj", "{742103E0-0CBE-DEE4-B547-52CE47D70FDC}"
EndProject
Project("{FAE04EC0-301F-11D3-BF4B-00C04F79EFBC}") = "BookCatalog.Server", "Server\BookCatalog.Server.csproj", "{7249B32A-9071-9D94-29E1-AF6D8430CDDE}"
EndProject
Project("{FAE04EC0-301F-11D3-BF4B-00C04F79EFBC}") = "BookCatalog.Shared", "Shared\BookCatalog.Shared.csproj", "{3669023E-EF6F-BA96-E339-CE4F8E8DF9D2}"
EndProject
Global
	GlobalSection(SolutionConfigurationPlatforms) = preSolution
		Debug|Any CPU = Debug|Any CPU
		Release|Any CPU = Release|Any CPU
	EndGlobalSection
	GlobalSection(ProjectConfigurationPlatforms) = postSolution
		{742103E0-0CBE-DEE4-B547-52CE47D70FDC}.Debug|Any CPU.ActiveCfg = Debug|Any CPU
		{742103E0-0CBE-DEE4-B547-52CE47D70FDC}.Debug|Any CPU.Build.0 = Debug|Any CPU
		{742103E0-0CBE-DEE4-B547-52CE47D70FDC}.Release|Any CPU.ActiveCfg = Release|Any CPU
		{742103E0-0CBE-DEE4-B547-52CE47D70FDC}.Release|Any CPU.Build.0 = Release|Any CPU
		{7249B32A-9071-9D94-29E1-AF6D8430CDDE}.Debug|Any CPU.ActiveCfg = Debug|Any CPU
		{7249B32A-9071-9D94-29E1-AF6D8430CDDE}.Debug|Any CPU.Build.0 = Debug|Any CPU
		{7249B32A-9071-9D94-29E1-AF6D8430CDDE}.Release|Any CPU.ActiveCfg = Release|Any CPU
		{7249B32A-9071-9D94-29E1-AF6D8430CDDE}.Release|Any CPU.Build.0 = Release|Any CPU
		{3669023E-EF6F-BA96-E339-CE4F8E8DF9D2}.Debug|Any CPU.ActiveCfg = Debug|Any CPU
		{3669023E-EF6F-BA96-E339-CE4F8E8DF9D2}.Debug|Any CPU.Build.0 = Debug|Any CPU
		{3669023E-EF6F-BA96-E339-CE4F8E8DF9D2}.Release|Any CPU.ActiveCfg = Release|Any CPU
		{3669023E-EF6F-BA96-E339-CE4F8E8DF9D2}.Release|Any CPU.Build.0 = Release|Any CPU
	EndGlobalSection
	GlobalSection(SolutionProperties) = preSolution
		HideSolutionNode = FALSE
	EndGlobalSection
	GlobalSection(ExtensibilityGlobals) = postSolution
		SolutionGuid = {7E9BD300-D533-4769-99FC-041BB416EA70}
	EndGlobalSection
EndGlobal
